
Microsoft Visual Studio Solution File, Format Version 12.00
# Visual Studio Version 17
VisualStudioVersion = 17.3.32929.385
MinimumVisualStudioVersion = 10.0.40219.1
Project("{FAE04EC0-301F-11D3-BF4B-00C04F79EFBC}") = "Calculator.cs", "Calculator.cs\Calculator.cs.csproj", "{2D6F2D44-76E4-406A-86FC-449B7A8114D6}"
EndProject
Global
	GlobalSection(SolutionConfigurationPlatforms) = preSolution
		Debug|Any CPU = Debug|Any CPU
		Release|Any CPU = Release|Any CPU
	EndGlobalSection
	GlobalSection(ProjectConfigurationPlatforms) = postSolution
		{2D6F2D44-76E4-406A-86FC-449B7A8114D6}.Debug|Any CPU.ActiveCfg = Debug|Any CPU
		{2D6F2D44-76E4-406A-86FC-449B7A8114D6}.Debug|Any CPU.Build.0 = Debug|Any CPU
		{2D6F2D44-76E4-406A-86FC-449B7A8114D6}.Release|Any CPU.ActiveCfg = Release|Any CPU
		{2D6F2D44-76E4-406A-86FC-449B7A8114D6}.Release|Any CPU.Build.0 = Release|Any CPU
	EndGlobalSection
	GlobalSection(SolutionProperties) = preSolution
		HideSolutionNode = FALSE
	EndGlobalSection
	GlobalSection(ExtensibilityGlobals) = postSolution
		SolutionGuid = {722FF6C7-242E-4C3E-B07C-E0CDAC2EDE7B}
	EndGlobalSection
EndGlobal
