
Microsoft Visual Studio Solution File, Format Version 12.00
# Visual Studio Version 17
VisualStudioVersion = 17.3.32929.385
MinimumVisualStudioVersion = 10.0.40219.1
Project("{FAE04EC0-301F-11D3-BF4B-00C04F79EFBC}") = "areacirc.cs", "areacirc.cs\areacirc.cs.csproj", "{970BC765-9188-4FE7-AE56-EC01D67DB41A}"
EndProject
Global
	GlobalSection(SolutionConfigurationPlatforms) = preSolution
		Debug|Any CPU = Debug|Any CPU
		Release|Any CPU = Release|Any CPU
	EndGlobalSection
	GlobalSection(ProjectConfigurationPlatforms) = postSolution
		{970BC765-9188-4FE7-AE56-EC01D67DB41A}.Debug|Any CPU.ActiveCfg = Debug|Any CPU
		{970BC765-9188-4FE7-AE56-EC01D67DB41A}.Debug|Any CPU.Build.0 = Debug|Any CPU
		{970BC765-9188-4FE7-AE56-EC01D67DB41A}.Release|Any CPU.ActiveCfg = Release|Any CPU
		{970BC765-9188-4FE7-AE56-EC01D67DB41A}.Release|Any CPU.Build.0 = Release|Any CPU
	EndGlobalSection
	GlobalSection(SolutionProperties) = preSolution
		HideSolutionNode = FALSE
	EndGlobalSection
	GlobalSection(ExtensibilityGlobals) = postSolution
		SolutionGuid = {055C023C-A2A7-435C-976D-8C228FC389BE}
	EndGlobalSection
EndGlobal
